
Microsoft Visual Studio Solution File, Format Version 12.00
# Visual Studio 15
VisualStudioVersion = 15.0.28307.645
MinimumVisualStudioVersion = 10.0.40219.1
Project("{FAE04EC0-301F-11D3-BF4B-00C04F79EFBC}") = "mvcAddress", "mvcAddress\mvcAddress.csproj", "{950CDC28-3347-4649-BA2A-D70FF2C3D14C}"
EndProject
Project("{FAE04EC0-301F-11D3-BF4B-00C04F79EFBC}") = "apiAddressbook", "apiAddressbook\apiAddressbook.csproj", "{026B8402-7C93-4CF9-8410-C5A2ED49FB2E}"
EndProject
Project("{FAE04EC0-301F-11D3-BF4B-00C04F79EFBC}") = "appAddress.Android", "appAddress\appAddress.Android\appAddress.Android.csproj", "{B5C9E9BB-A578-4A90-A329-FF4006D9BCA6}"
EndProject
Project("{FAE04EC0-301F-11D3-BF4B-00C04F79EFBC}") = "appAddress.iOS", "appAddress\appAddress.iOS\appAddress.iOS.csproj", "{C2F23EA4-6C15-465C-A526-938457E3E634}"
EndProject
Project("{9A19103F-16F7-4668-BE54-9A1E7A4F7556}") = "appAddress", "appAddress\appAddress\appAddress.csproj", "{5DE637A3-BC23-42AE-928A-C8975A2A0336}"
EndProject
Project("{FAE04EC0-301F-11D3-BF4B-00C04F79EFBC}") = "apiAddressSecurity", "apiAddressSecurity\apiAddressSecurity.csproj", "{7B5E43B8-AD39-481C-99A0-346F37E2F026}"
EndProject
Global
	GlobalSection(SolutionConfigurationPlatforms) = preSolution
		Ad-Hoc|Any CPU = Ad-Hoc|Any CPU
		Ad-Hoc|iPhone = Ad-Hoc|iPhone
		Ad-Hoc|iPhoneSimulator = Ad-Hoc|iPhoneSimulator
		AppStore|Any CPU = AppStore|Any CPU
		AppStore|iPhone = AppStore|iPhone
		AppStore|iPhoneSimulator = AppStore|iPhoneSimulator
		Debug|Any CPU = Debug|Any CPU
		Debug|iPhone = Debug|iPhone
		Debug|iPhoneSimulator = Debug|iPhoneSimulator
		Release|Any CPU = Release|Any CPU
		Release|iPhone = Release|iPhone
		Release|iPhoneSimulator = Release|iPhoneSimulator
	EndGlobalSection
	GlobalSection(ProjectConfigurationPlatforms) = postSolution
		{950CDC28-3347-4649-BA2A-D70FF2C3D14C}.Ad-Hoc|Any CPU.ActiveCfg = Release|Any CPU
		{950CDC28-3347-4649-BA2A-D70FF2C3D14C}.Ad-Hoc|Any CPU.Build.0 = Release|Any CPU
		{950CDC28-3347-4649-BA2A-D70FF2C3D14C}.Ad-Hoc|iPhone.ActiveCfg = Release|Any CPU
		{950CDC28-3347-4649-BA2A-D70FF2C3D14C}.Ad-Hoc|iPhone.Build.0 = Release|Any CPU
		{950CDC28-3347-4649-BA2A-D70FF2C3D14C}.Ad-Hoc|iPhoneSimulator.ActiveCfg = Release|Any CPU
		{950CDC28-3347-4649-BA2A-D70FF2C3D14C}.Ad-Hoc|iPhoneSimulator.Build.0 = Release|Any CPU
		{950CDC28-3347-4649-BA2A-D70FF2C3D14C}.AppStore|Any CPU.ActiveCfg = Release|Any CPU
		{950CDC28-3347-4649-BA2A-D70FF2C3D14C}.AppStore|Any CPU.Build.0 = Release|Any CPU
		{950CDC28-3347-4649-BA2A-D70FF2C3D14C}.AppStore|iPhone.ActiveCfg = Release|Any CPU
		{950CDC28-3347-4649-BA2A-D70FF2C3D14C}.AppStore|iPhone.Build.0 = Release|Any CPU
		{950CDC28-3347-4649-BA2A-D70FF2C3D14C}.AppStore|iPhoneSimulator.ActiveCfg = Release|Any CPU
		{950CDC28-3347-4649-BA2A-D70FF2C3D14C}.AppStore|iPhoneSimulator.Build.0 = Release|Any CPU
		{950CDC28-3347-4649-BA2A-D70FF2C3D14C}.Debug|Any CPU.ActiveCfg = Debug|Any CPU
		{950CDC28-3347-4649-BA2A-D70FF2C3D14C}.Debug|Any CPU.Build.0 = Debug|Any CPU
		{950CDC28-3347-4649-BA2A-D70FF2C3D14C}.Debug|iPhone.ActiveCfg = Debug|Any CPU
		{950CDC28-3347-4649-BA2A-D70FF2C3D14C}.Debug|iPhone.Build.0 = Debug|Any CPU
		{950CDC28-3347-4649-BA2A-D70FF2C3D14C}.Debug|iPhoneSimulator.ActiveCfg = Debug|Any CPU
		{950CDC28-3347-4649-BA2A-D70FF2C3D14C}.Debug|iPhoneSimulator.Build.0 = Debug|Any CPU
		{950CDC28-3347-4649-BA2A-D70FF2C3D14C}.Release|Any CPU.ActiveCfg = Release|Any CPU
		{950CDC28-3347-4649-BA2A-D70FF2C3D14C}.Release|Any CPU.Build.0 = Release|Any CPU
		{950CDC28-3347-4649-BA2A-D70FF2C3D14C}.Release|iPhone.ActiveCfg = Release|Any CPU
		{950CDC28-3347-4649-BA2A-D70FF2C3D14C}.Release|iPhone.Build.0 = Release|Any CPU
		{950CDC28-3347-4649-BA2A-D70FF2C3D14C}.Release|iPhoneSimulator.ActiveCfg = Release|Any CPU
		{950CDC28-3347-4649-BA2A-D70FF2C3D14C}.Release|iPhoneSimulator.Build.0 = Release|Any CPU
		{026B8402-7C93-4CF9-8410-C5A2ED49FB2E}.Ad-Hoc|Any CPU.ActiveCfg = Release|Any CPU
		{026B8402-7C93-4CF9-8410-C5A2ED49FB2E}.Ad-Hoc|Any CPU.Build.0 = Release|Any CPU
		{026B8402-7C93-4CF9-8410-C5A2ED49FB2E}.Ad-Hoc|iPhone.ActiveCfg = Release|Any CPU
		{026B8402-7C93-4CF9-8410-C5A2ED49FB2E}.Ad-Hoc|iPhone.Build.0 = Release|Any CPU
		{026B8402-7C93-4CF9-8410-C5A2ED49FB2E}.Ad-Hoc|iPhoneSimulator.ActiveCfg = Release|Any CPU
		{026B8402-7C93-4CF9-8410-C5A2ED49FB2E}.Ad-Hoc|iPhoneSimulator.Build.0 = Release|Any CPU
		{026B8402-7C93-4CF9-8410-C5A2ED49FB2E}.AppStore|Any CPU.ActiveCfg = Release|Any CPU
		{026B8402-7C93-4CF9-8410-C5A2ED49FB2E}.AppStore|Any CPU.Build.0 = Release|Any CPU
		{026B8402-7C93-4CF9-8410-C5A2ED49FB2E}.AppStore|iPhone.ActiveCfg = Release|Any CPU
		{026B8402-7C93-4CF9-8410-C5A2ED49FB2E}.AppStore|iPhone.Build.0 = Release|Any CPU
		{026B8402-7C93-4CF9-8410-C5A2ED49FB2E}.AppStore|iPhoneSimulator.ActiveCfg = Release|Any CPU
		{026B8402-7C93-4CF9-8410-C5A2ED49FB2E}.AppStore|iPhoneSimulator.Build.0 = Release|Any CPU
		{026B8402-7C93-4CF9-8410-C5A2ED49FB2E}.Debug|Any CPU.ActiveCfg = Debug|Any CPU
		{026B8402-7C93-4CF9-8410-C5A2ED49FB2E}.Debug|Any CPU.Build.0 = Debug|Any CPU
		{026B8402-7C93-4CF9-8410-C5A2ED49FB2E}.Debug|iPhone.ActiveCfg = Debug|Any CPU
		{026B8402-7C93-4CF9-8410-C5A2ED49FB2E}.Debug|iPhone.Build.0 = Debug|Any CPU
		{026B8402-7C93-4CF9-8410-C5A2ED49FB2E}.Debug|iPhoneSimulator.ActiveCfg = Debug|Any CPU
		{026B8402-7C93-4CF9-8410-C5A2ED49FB2E}.Debug|iPhoneSimulator.Build.0 = Debug|Any CPU
		{026B8402-7C93-4CF9-8410-C5A2ED49FB2E}.Release|Any CPU.ActiveCfg = Release|Any CPU
		{026B8402-7C93-4CF9-8410-C5A2ED49FB2E}.Release|Any CPU.Build.0 = Release|Any CPU
		{026B8402-7C93-4CF9-8410-C5A2ED49FB2E}.Release|iPhone.ActiveCfg = Release|Any CPU
		{026B8402-7C93-4CF9-8410-C5A2ED49FB2E}.Release|iPhone.Build.0 = Release|Any CPU
		{026B8402-7C93-4CF9-8410-C5A2ED49FB2E}.Release|iPhoneSimulator.ActiveCfg = Release|Any CPU
		{026B8402-7C93-4CF9-8410-C5A2ED49FB2E}.Release|iPhoneSimulator.Build.0 = Release|Any CPU
		{B5C9E9BB-A578-4A90-A329-FF4006D9BCA6}.Ad-Hoc|Any CPU.ActiveCfg = Release|Any CPU
		{B5C9E9BB-A578-4A90-A329-FF4006D9BCA6}.Ad-Hoc|Any CPU.Build.0 = Release|Any CPU
		{B5C9E9BB-A578-4A90-A329-FF4006D9BCA6}.Ad-Hoc|Any CPU.Deploy.0 = Release|Any CPU
		{B5C9E9BB-A578-4A90-A329-FF4006D9BCA6}.Ad-Hoc|iPhone.ActiveCfg = Release|Any CPU
		{B5C9E9BB-A578-4A90-A329-FF4006D9BCA6}.Ad-Hoc|iPhone.Build.0 = Release|Any CPU
		{B5C9E9BB-A578-4A90-A329-FF4006D9BCA6}.Ad-Hoc|iPhone.Deploy.0 = Release|Any CPU
		{B5C9E9BB-A578-4A90-A329-FF4006D9BCA6}.Ad-Hoc|iPhoneSimulator.ActiveCfg = Release|Any CPU
		{B5C9E9BB-A578-4A90-A329-FF4006D9BCA6}.Ad-Hoc|iPhoneSimulator.Build.0 = Release|Any CPU
		{B5C9E9BB-A578-4A90-A329-FF4006D9BCA6}.Ad-Hoc|iPhoneSimulator.Deploy.0 = Release|Any CPU
		{B5C9E9BB-A578-4A90-A329-FF4006D9BCA6}.AppStore|Any CPU.ActiveCfg = Release|Any CPU
		{B5C9E9BB-A578-4A90-A329-FF4006D9BCA6}.AppStore|Any CPU.Build.0 = Release|Any CPU
		{B5C9E9BB-A578-4A90-A329-FF4006D9BCA6}.AppStore|Any CPU.Deploy.0 = Release|Any CPU
		{B5C9E9BB-A578-4A90-A329-FF4006D9BCA6}.AppStore|iPhone.ActiveCfg = Release|Any CPU
		{B5C9E9BB-A578-4A90-A329-FF4006D9BCA6}.AppStore|iPhone.Build.0 = Release|Any CPU
		{B5C9E9BB-A578-4A90-A329-FF4006D9BCA6}.AppStore|iPhone.Deploy.0 = Release|Any CPU
		{B5C9E9BB-A578-4A90-A329-FF4006D9BCA6}.AppStore|iPhoneSimulator.ActiveCfg = Release|Any CPU
		{B5C9E9BB-A578-4A90-A329-FF4006D9BCA6}.AppStore|iPhoneSimulator.Build.0 = Release|Any CPU
		{B5C9E9BB-A578-4A90-A329-FF4006D9BCA6}.AppStore|iPhoneSimulator.Deploy.0 = Release|Any CPU
		{B5C9E9BB-A578-4A90-A329-FF4006D9BCA6}.Debug|Any CPU.ActiveCfg = Debug|Any CPU
		{B5C9E9BB-A578-4A90-A329-FF4006D9BCA6}.Debug|Any CPU.Build.0 = Debug|Any CPU
		{B5C9E9BB-A578-4A90-A329-FF4006D9BCA6}.Debug|Any CPU.Deploy.0 = Debug|Any CPU
		{B5C9E9BB-A578-4A90-A329-FF4006D9BCA6}.Debug|iPhone.ActiveCfg = Debug|Any CPU
		{B5C9E9BB-A578-4A90-A329-FF4006D9BCA6}.Debug|iPhone.Build.0 = Debug|Any CPU
		{B5C9E9BB-A578-4A90-A329-FF4006D9BCA6}.Debug|iPhone.Deploy.0 = Debug|Any CPU
		{B5C9E9BB-A578-4A90-A329-FF4006D9BCA6}.Debug|iPhoneSimulator.ActiveCfg = Debug|Any CPU
		{B5C9E9BB-A578-4A90-A329-FF4006D9BCA6}.Debug|iPhoneSimulator.Build.0 = Debug|Any CPU
		{B5C9E9BB-A578-4A90-A329-FF4006D9BCA6}.Debug|iPhoneSimulator.Deploy.0 = Debug|Any CPU
		{B5C9E9BB-A578-4A90-A329-FF4006D9BCA6}.Release|Any CPU.ActiveCfg = Release|Any CPU
		{B5C9E9BB-A578-4A90-A329-FF4006D9BCA6}.Release|Any CPU.Build.0 = Release|Any CPU
		{B5C9E9BB-A578-4A90-A329-FF4006D9BCA6}.Release|Any CPU.Deploy.0 = Release|Any CPU
		{B5C9E9BB-A578-4A90-A329-FF4006D9BCA6}.Release|iPhone.ActiveCfg = Release|Any CPU
		{B5C9E9BB-A578-4A90-A329-FF4006D9BCA6}.Release|iPhone.Build.0 = Release|Any CPU
		{B5C9E9BB-A578-4A90-A329-FF4006D9BCA6}.Release|iPhone.Deploy.0 = Release|Any CPU
		{B5C9E9BB-A578-4A90-A329-FF4006D9BCA6}.Release|iPhoneSimulator.ActiveCfg = Release|Any CPU
		{B5C9E9BB-A578-4A90-A329-FF4006D9BCA6}.Release|iPhoneSimulator.Build.0 = Release|Any CPU
		{B5C9E9BB-A578-4A90-A329-FF4006D9BCA6}.Release|iPhoneSimulator.Deploy.0 = Release|Any CPU
		{C2F23EA4-6C15-465C-A526-938457E3E634}.Ad-Hoc|Any CPU.ActiveCfg = Ad-Hoc|iPhone
		{C2F23EA4-6C15-465C-A526-938457E3E634}.Ad-Hoc|iPhone.ActiveCfg = Ad-Hoc|iPhone
		{C2F23EA4-6C15-465C-A526-938457E3E634}.Ad-Hoc|iPhone.Build.0 = Ad-Hoc|iPhone
		{C2F23EA4-6C15-465C-A526-938457E3E634}.Ad-Hoc|iPhoneSimulator.ActiveCfg = Ad-Hoc|iPhoneSimulator
		{C2F23EA4-6C15-465C-A526-938457E3E634}.Ad-Hoc|iPhoneSimulator.Build.0 = Ad-Hoc|iPhoneSimulator
		{C2F23EA4-6C15-465C-A526-938457E3E634}.AppStore|Any CPU.ActiveCfg = AppStore|iPhone
		{C2F23EA4-6C15-465C-A526-938457E3E634}.AppStore|iPhone.ActiveCfg = AppStore|iPhone
		{C2F23EA4-6C15-465C-A526-938457E3E634}.AppStore|iPhone.Build.0 = AppStore|iPhone
		{C2F23EA4-6C15-465C-A526-938457E3E634}.AppStore|iPhoneSimulator.ActiveCfg = AppStore|iPhoneSimulator
		{C2F23EA4-6C15-465C-A526-938457E3E634}.AppStore|iPhoneSimulator.Build.0 = AppStore|iPhoneSimulator
		{C2F23EA4-6C15-465C-A526-938457E3E634}.Debug|Any CPU.ActiveCfg = Debug|iPhone
		{C2F23EA4-6C15-465C-A526-938457E3E634}.Debug|iPhone.ActiveCfg = Debug|iPhone
		{C2F23EA4-6C15-465C-A526-938457E3E634}.Debug|iPhone.Build.0 = Debug|iPhone
		{C2F23EA4-6C15-465C-A526-938457E3E634}.Debug|iPhoneSimulator.ActiveCfg = Debug|iPhoneSimulator
		{C2F23EA4-6C15-465C-A526-938457E3E634}.Debug|iPhoneSimulator.Build.0 = Debug|iPhoneSimulator
		{C2F23EA4-6C15-465C-A526-938457E3E634}.Release|Any CPU.ActiveCfg = Release|iPhone
		{C2F23EA4-6C15-465C-A526-938457E3E634}.Release|iPhone.ActiveCfg = Release|iPhone
		{C2F23EA4-6C15-465C-A526-938457E3E634}.Release|iPhone.Build.0 = Release|iPhone
		{C2F23EA4-6C15-465C-A526-938457E3E634}.Release|iPhoneSimulator.ActiveCfg = Release|iPhoneSimulator
		{C2F23EA4-6C15-465C-A526-938457E3E634}.Release|iPhoneSimulator.Build.0 = Release|iPhoneSimulator
		{5DE637A3-BC23-42AE-928A-C8975A2A0336}.Ad-Hoc|Any CPU.ActiveCfg = Debug|Any CPU
		{5DE637A3-BC23-42AE-928A-C8975A2A0336}.Ad-Hoc|Any CPU.Build.0 = Debug|Any CPU
		{5DE637A3-BC23-42AE-928A-C8975A2A0336}.Ad-Hoc|iPhone.ActiveCfg = Debug|Any CPU
		{5DE637A3-BC23-42AE-928A-C8975A2A0336}.Ad-Hoc|iPhone.Build.0 = Debug|Any CPU
		{5DE637A3-BC23-42AE-928A-C8975A2A0336}.Ad-Hoc|iPhoneSimulator.ActiveCfg = Debug|Any CPU
		{5DE637A3-BC23-42AE-928A-C8975A2A0336}.Ad-Hoc|iPhoneSimulator.Build.0 = Debug|Any CPU
		{5DE637A3-BC23-42AE-928A-C8975A2A0336}.AppStore|Any CPU.ActiveCfg = Debug|Any CPU
		{5DE637A3-BC23-42AE-928A-C8975A2A0336}.AppStore|Any CPU.Build.0 = Debug|Any CPU
		{5DE637A3-BC23-42AE-928A-C8975A2A0336}.AppStore|iPhone.ActiveCfg = Debug|Any CPU
		{5DE637A3-BC23-42AE-928A-C8975A2A0336}.AppStore|iPhone.Build.0 = Debug|Any CPU
		{5DE637A3-BC23-42AE-928A-C8975A2A0336}.AppStore|iPhoneSimulator.ActiveCfg = Debug|Any CPU
		{5DE637A3-BC23-42AE-928A-C8975A2A0336}.AppStore|iPhoneSimulator.Build.0 = Debug|Any CPU
		{5DE637A3-BC23-42AE-928A-C8975A2A0336}.Debug|Any CPU.ActiveCfg = Debug|Any CPU
		{5DE637A3-BC23-42AE-928A-C8975A2A0336}.Debug|Any CPU.Build.0 = Debug|Any CPU
		{5DE637A3-BC23-42AE-928A-C8975A2A0336}.Debug|iPhone.ActiveCfg = Debug|Any CPU
		{5DE637A3-BC23-42AE-928A-C8975A2A0336}.Debug|iPhone.Build.0 = Debug|Any CPU
		{5DE637A3-BC23-42AE-928A-C8975A2A0336}.Debug|iPhoneSimulator.ActiveCfg = Debug|Any CPU
		{5DE637A3-BC23-42AE-928A-C8975A2A0336}.Debug|iPhoneSimulator.Build.0 = Debug|Any CPU
		{5DE637A3-BC23-42AE-928A-C8975A2A0336}.Release|Any CPU.ActiveCfg = Release|Any CPU
		{5DE637A3-BC23-42AE-928A-C8975A2A0336}.Release|Any CPU.Build.0 = Release|Any CPU
		{5DE637A3-BC23-42AE-928A-C8975A2A0336}.Release|iPhone.ActiveCfg = Release|Any CPU
		{5DE637A3-BC23-42AE-928A-C8975A2A0336}.Release|iPhone.Build.0 = Release|Any CPU
		{5DE637A3-BC23-42AE-928A-C8975A2A0336}.Release|iPhoneSimulator.ActiveCfg = Release|Any CPU
		{5DE637A3-BC23-42AE-928A-C8975A2A0336}.Release|iPhoneSimulator.Build.0 = Release|Any CPU
		{7B5E43B8-AD39-481C-99A0-346F37E2F026}.Ad-Hoc|Any CPU.ActiveCfg = Release|Any CPU
		{7B5E43B8-AD39-481C-99A0-346F37E2F026}.Ad-Hoc|Any CPU.Build.0 = Release|Any CPU
		{7B5E43B8-AD39-481C-99A0-346F37E2F026}.Ad-Hoc|iPhone.ActiveCfg = Release|Any CPU
		{7B5E43B8-AD39-481C-99A0-346F37E2F026}.Ad-Hoc|iPhone.Build.0 = Release|Any CPU
		{7B5E43B8-AD39-481C-99A0-346F37E2F026}.Ad-Hoc|iPhoneSimulator.ActiveCfg = Release|Any CPU
		{7B5E43B8-AD39-481C-99A0-346F37E2F026}.Ad-Hoc|iPhoneSimulator.Build.0 = Release|Any CPU
		{7B5E43B8-AD39-481C-99A0-346F37E2F026}.AppStore|Any CPU.ActiveCfg = Release|Any CPU
		{7B5E43B8-AD39-481C-99A0-346F37E2F026}.AppStore|Any CPU.Build.0 = Release|Any CPU
		{7B5E43B8-AD39-481C-99A0-346F37E2F026}.AppStore|iPhone.ActiveCfg = Release|Any CPU
		{7B5E43B8-AD39-481C-99A0-346F37E2F026}.AppStore|iPhone.Build.0 = Release|Any CPU
		{7B5E43B8-AD39-481C-99A0-346F37E2F026}.AppStore|iPhoneSimulator.ActiveCfg = Release|Any CPU
		{7B5E43B8-AD39-481C-99A0-346F37E2F026}.AppStore|iPhoneSimulator.Build.0 = Release|Any CPU
		{7B5E43B8-AD39-481C-99A0-346F37E2F026}.Debug|Any CPU.ActiveCfg = Debug|Any CPU
		{7B5E43B8-AD39-481C-99A0-346F37E2F026}.Debug|Any CPU.Build.0 = Debug|Any CPU
		{7B5E43B8-AD39-481C-99A0-346F37E2F026}.Debug|iPhone.ActiveCfg = Debug|Any CPU
		{7B5E43B8-AD39-481C-99A0-346F37E2F026}.Debug|iPhone.Build.0 = Debug|Any CPU
		{7B5E43B8-AD39-481C-99A0-346F37E2F026}.Debug|iPhoneSimulator.ActiveCfg = Debug|Any CPU
		{7B5E43B8-AD39-481C-99A0-346F37E2F026}.Debug|iPhoneSimulator.Build.0 = Debug|Any CPU
		{7B5E43B8-AD39-481C-99A0-346F37E2F026}.Release|Any CPU.ActiveCfg = Release|Any CPU
		{7B5E43B8-AD39-481C-99A0-346F37E2F026}.Release|Any CPU.Build.0 = Release|Any CPU
		{7B5E43B8-AD39-481C-99A0-346F37E2F026}.Release|iPhone.ActiveCfg = Release|Any CPU
		{7B5E43B8-AD39-481C-99A0-346F37E2F026}.Release|iPhone.Build.0 = Release|Any CPU
		{7B5E43B8-AD39-481C-99A0-346F37E2F026}.Release|iPhoneSimulator.ActiveCfg = Release|Any CPU
		{7B5E43B8-AD39-481C-99A0-346F37E2F026}.Release|iPhoneSimulator.Build.0 = Release|Any CPU
	EndGlobalSection
	GlobalSection(SolutionProperties) = preSolution
		HideSolutionNode = FALSE
	EndGlobalSection
	GlobalSection(ExtensibilityGlobals) = postSolution
		SolutionGuid = {2D539B5B-9097-4599-A4F4-B07533C35526}
	EndGlobalSection
EndGlobal
