
Microsoft Visual Studio Solution File, Format Version 12.00
# Visual Studio 15
VisualStudioVersion = 15.0.28307.645
MinimumVisualStudioVersion = 10.0.40219.1
Project("{FAE04EC0-301F-11D3-BF4B-00C04F79EFBC}") = "mvcAddress", "mvcAddress\mvcAddress.csproj", "{950CDC28-3347-4649-BA2A-D70FF2C3D14C}"
EndProject
Project("{FAE04EC0-301F-11D3-BF4B-00C04F79EFBC}") = "apiAddressbook", "apiAddressbook\apiAddressbook.csproj", "{026B8402-7C93-4CF9-8410-C5A2ED49FB2E}"
EndProject
Global
	GlobalSection(SolutionConfigurationPlatforms) = preSolution
		Debug|Any CPU = Debug|Any CPU
		Release|Any CPU = Release|Any CPU
	EndGlobalSection
	GlobalSection(ProjectConfigurationPlatforms) = postSolution
		{950CDC28-3347-4649-BA2A-D70FF2C3D14C}.Debug|Any CPU.ActiveCfg = Debug|Any CPU
		{950CDC28-3347-4649-BA2A-D70FF2C3D14C}.Debug|Any CPU.Build.0 = Debug|Any CPU
		{950CDC28-3347-4649-BA2A-D70FF2C3D14C}.Release|Any CPU.ActiveCfg = Release|Any CPU
		{950CDC28-3347-4649-BA2A-D70FF2C3D14C}.Release|Any CPU.Build.0 = Release|Any CPU
		{026B8402-7C93-4CF9-8410-C5A2ED49FB2E}.Debug|Any CPU.ActiveCfg = Debug|Any CPU
		{026B8402-7C93-4CF9-8410-C5A2ED49FB2E}.Debug|Any CPU.Build.0 = Debug|Any CPU
		{026B8402-7C93-4CF9-8410-C5A2ED49FB2E}.Release|Any CPU.ActiveCfg = Release|Any CPU
		{026B8402-7C93-4CF9-8410-C5A2ED49FB2E}.Release|Any CPU.Build.0 = Release|Any CPU
	EndGlobalSection
	GlobalSection(SolutionProperties) = preSolution
		HideSolutionNode = FALSE
	EndGlobalSection
	GlobalSection(ExtensibilityGlobals) = postSolution
		SolutionGuid = {2D539B5B-9097-4599-A4F4-B07533C35526}
	EndGlobalSection
EndGlobal
